// !$*UTF8*$!
{
	archiveVersion = 1;
	classes = {
	};
	objectVersion = 46;
	objects = {

/* Begin PBXBuildFile section */
		06D0C81E1946626300BE6566 /* AppDelegate.swift in Sources */ = {isa = PBXBuildFile; fileRef = 06D0C81D1946626300BE6566 /* AppDelegate.swift */; };
		06D0C8201946626300BE6566 /* GameScene.sks in Resources */ = {isa = PBXBuildFile; fileRef = 06D0C81F1946626300BE6566 /* GameScene.sks */; };
		06D0C8221946626300BE6566 /* GameScene.swift in Sources */ = {isa = PBXBuildFile; fileRef = 06D0C8211946626300BE6566 /* GameScene.swift */; };
		06D0C8241946626300BE6566 /* GameViewController.swift in Sources */ = {isa = PBXBuildFile; fileRef = 06D0C8231946626300BE6566 /* GameViewController.swift */; };
		06D0C8271946626300BE6566 /* Main.storyboard in Resources */ = {isa = PBXBuildFile; fileRef = 06D0C8251946626300BE6566 /* Main.storyboard */; };
		06D0C8291946626300BE6566 /* Images.xcassets in Resources */ = {isa = PBXBuildFile; fileRef = 06D0C8281946626300BE6566 /* Images.xcassets */; };
		06D0C8351946626300BE6566 /* CopyOfFlappyBirdTests.swift in Sources */ = {isa = PBXBuildFile; fileRef = 06D0C8341946626300BE6566 /* CopyOfFlappyBirdTests.swift */; };
/* End PBXBuildFile section */

/* Begin PBXContainerItemProxy section */
		06D0C82F1946626300BE6566 /* PBXContainerItemProxy */ = {
			isa = PBXContainerItemProxy;
			containerPortal = 06D0C8101946626300BE6566 /* Project object */;
			proxyType = 1;
			remoteGlobalIDString = 06D0C8171946626300BE6566;
			remoteInfo = CopyOfFlappyBird;
		};
/* End PBXContainerItemProxy section */

/* Begin PBXFileReference section */
		06D0C8181946626300BE6566 /* CopyOfFlappyBird.app */ = {isa = PBXFileReference; explicitFileType = wrapper.application; includeInIndex = 0; path = CopyOfFlappyBird.app; sourceTree = BUILT_PRODUCTS_DIR; };
		06D0C81C1946626300BE6566 /* Info.plist */ = {isa = PBXFileReference; lastKnownFileType = text.plist.xml; path = Info.plist; sourceTree = "<group>"; };
		06D0C81D1946626300BE6566 /* AppDelegate.swift */ = {isa = PBXFileReference; lastKnownFileType = sourcecode.swift; path = AppDelegate.swift; sourceTree = "<group>"; };
		06D0C81F1946626300BE6566 /* GameScene.sks */ = {isa = PBXFileReference; lastKnownFileType = file.sks; path = GameScene.sks; sourceTree = "<group>"; };
		06D0C8211946626300BE6566 /* GameScene.swift */ = {isa = PBXFileReference; lastKnownFileType = sourcecode.swift; path = GameScene.swift; sourceTree = "<group>"; };
		06D0C8231946626300BE6566 /* GameViewController.swift */ = {isa = PBXFileReference; lastKnownFileType = sourcecode.swift; path = GameViewController.swift; sourceTree = "<group>"; };
		06D0C8261946626300BE6566 /* Base */ = {isa = PBXFileReference; lastKnownFileType = file.storyboard; name = Base; path = Base.lproj/Main.storyboard; sourceTree = "<group>"; };
		06D0C8281946626300BE6566 /* Images.xcassets */ = {isa = PBXFileReference; lastKnownFileType = folder.assetcatalog; path = Images.xcassets; sourceTree = "<group>"; };
		06D0C82E1946626300BE6566 /* CopyOfFlappyBirdTests.xctest */ = {isa = PBXFileReference; explicitFileType = wrapper.cfbundle; includeInIndex = 0; path = CopyOfFlappyBirdTests.xctest; sourceTree = BUILT_PRODUCTS_DIR; };
		06D0C8331946626300BE6566 /* Info.plist */ = {isa = PBXFileReference; lastKnownFileType = text.plist.xml; path = Info.plist; sourceTree = "<group>"; };
		06D0C8341946626300BE6566 /* CopyOfFlappyBirdTests.swift */ = {isa = PBXFileReference; lastKnownFileType = sourcecode.swift; path = CopyOfFlappyBirdTests.swift; sourceTree = "<group>"; };
/* End PBXFileReference section */

/* Begin PBXFrameworksBuildPhase section */
		06D0C8151946626300BE6566 /* Frameworks */ = {
			isa = PBXFrameworksBuildPhase;
			buildActionMask = 2147483647;
			files = (
			);
			runOnlyForDeploymentPostprocessing = 0;
		};
		06D0C82B1946626300BE6566 /* Frameworks */ = {
			isa = PBXFrameworksBuildPhase;
			buildActionMask = 2147483647;
			files = (
			);
			runOnlyForDeploymentPostprocessing = 0;
		};
/* End PBXFrameworksBuildPhase section */

/* Begin PBXGroup section */
		06D0C80F1946626300BE6566 = {
			isa = PBXGroup;
			children = (
				06D0C81A1946626300BE6566 /* CopyOfFlappyBird */,
				06D0C8311946626300BE6566 /* CopyOfFlappyBirdTests */,
				06D0C8191946626300BE6566 /* Products */,
			);
			sourceTree = "<group>";
		};
		06D0C8191946626300BE6566 /* Products */ = {
			isa = PBXGroup;
			children = (
				06D0C8181946626300BE6566 /* CopyOfFlappyBird.app */,
				06D0C82E1946626300BE6566 /* CopyOfFlappyBirdTests.xctest */,
			);
			name = Products;
			sourceTree = "<group>";
		};
		06D0C81A1946626300BE6566 /* CopyOfFlappyBird */ = {
			isa = PBXGroup;
			children = (
				06D0C81D1946626300BE6566 /* AppDelegate.swift */,
				06D0C81F1946626300BE6566 /* GameScene.sks */,
				06D0C8211946626300BE6566 /* GameScene.swift */,
				06D0C8231946626300BE6566 /* GameViewController.swift */,
				06D0C8251946626300BE6566 /* Main.storyboard */,
				06D0C8281946626300BE6566 /* Images.xcassets */,
				06D0C81B1946626300BE6566 /* Supporting Files */,
			);
			path = CopyOfFlappyBird;
			sourceTree = "<group>";
		};
		06D0C81B1946626300BE6566 /* Supporting Files */ = {
			isa = PBXGroup;
			children = (
				06D0C81C1946626300BE6566 /* Info.plist */,
			);
			name = "Supporting Files";
			sourceTree = "<group>";
		};
		06D0C8311946626300BE6566 /* CopyOfFlappyBirdTests */ = {
			isa = PBXGroup;
			children = (
				06D0C8341946626300BE6566 /* CopyOfFlappyBirdTests.swift */,
				06D0C8321946626300BE6566 /* Supporting Files */,
			);
			path = CopyOfFlappyBirdTests;
			sourceTree = "<group>";
		};
		06D0C8321946626300BE6566 /* Supporting Files */ = {
			isa = PBXGroup;
			children = (
				06D0C8331946626300BE6566 /* Info.plist */,
			);
			name = "Supporting Files";
			sourceTree = "<group>";
		};
/* End PBXGroup section */

/* Begin PBXNativeTarget section */
		06D0C8171946626300BE6566 /* CopyOfFlappyBird */ = {
			isa = PBXNativeTarget;
			buildConfigurationList = 06D0C8381946626300BE6566 /* Build configuration list for PBXNativeTarget "CopyOfFlappyBird" */;
			buildPhases = (
				06D0C8141946626300BE6566 /* Sources */,
				06D0C8151946626300BE6566 /* Frameworks */,
				06D0C8161946626300BE6566 /* Resources */,
			);
			buildRules = (
			);
			dependencies = (
			);
			name = CopyOfFlappyBird;
			productName = CopyOfFlappyBird;
			productReference = 06D0C8181946626300BE6566 /* CopyOfFlappyBird.app */;
			productType = "com.apple.product-type.application";
		};
		06D0C82D1946626300BE6566 /* CopyOfFlappyBirdTests */ = {
			isa = PBXNativeTarget;
			buildConfigurationList = 06D0C83B1946626300BE6566 /* Build configuration list for PBXNativeTarget "CopyOfFlappyBirdTests" */;
			buildPhases = (
				06D0C82A1946626300BE6566 /* Sources */,
				06D0C82B1946626300BE6566 /* Frameworks */,
				06D0C82C1946626300BE6566 /* Resources */,
			);
			buildRules = (
			);
			dependencies = (
				06D0C8301946626300BE6566 /* PBXTargetDependency */,
			);
			name = CopyOfFlappyBirdTests;
			productName = CopyOfFlappyBirdTests;
			productReference = 06D0C82E1946626300BE6566 /* CopyOfFlappyBirdTests.xctest */;
			productType = "com.apple.product-type.bundle.unit-test";
		};
/* End PBXNativeTarget section */

/* Begin PBXProject section */
		06D0C8101946626300BE6566 /* Project object */ = {
			isa = PBXProject;
			attributes = {
				LastUpgradeCheck = 0600;
				ORGANIZATIONNAME = yuez.me;
				TargetAttributes = {
					06D0C8171946626300BE6566 = {
						CreatedOnToolsVersion = 6.0;
					};
					06D0C82D1946626300BE6566 = {
						CreatedOnToolsVersion = 6.0;
						TestTargetID = 06D0C8171946626300BE6566;
					};
				};
			};
			buildConfigurationList = 06D0C8131946626300BE6566 /* Build configuration list for PBXProject "CopyOfFlappyBird" */;
			compatibilityVersion = "Xcode 3.2";
			developmentRegion = English;
			hasScannedForEncodings = 0;
			knownRegions = (
				en,
				Base,
			);
			mainGroup = 06D0C80F1946626300BE6566;
			productRefGroup = 06D0C8191946626300BE6566 /* Products */;
			projectDirPath = "";
			projectRoot = "";
			targets = (
				06D0C8171946626300BE6566 /* CopyOfFlappyBird */,
				06D0C82D1946626300BE6566 /* CopyOfFlappyBirdTests */,
			);
		};
/* End PBXProject section */

/* Begin PBXResourcesBuildPhase section */
		06D0C8161946626300BE6566 /* Resources */ = {
			isa = PBXResourcesBuildPhase;
			buildActionMask = 2147483647;
			files = (
				06D0C8291946626300BE6566 /* Images.xcassets in Resources */,
				06D0C8201946626300BE6566 /* GameScene.sks in Resources */,
				06D0C8271946626300BE6566 /* Main.storyboard in Resources */,
			);
			runOnlyForDeploymentPostprocessing = 0;
		};
		06D0C82C1946626300BE6566 /* Resources */ = {
			isa = PBXResourcesBuildPhase;
			buildActionMask = 2147483647;
			files = (
			);
			runOnlyForDeploymentPostprocessing = 0;
		};
/* End PBXResourcesBuildPhase section */

/* Begin PBXSourcesBuildPhase section */
		06D0C8141946626300BE6566 /* Sources */ = {
			isa = PBXSourcesBuildPhase;
			buildActionMask = 2147483647;
			files = (
				06D0C8221946626300BE6566 /* GameScene.swift in Sources */,
				06D0C8241946626300BE6566 /* GameViewController.swift in Sources */,
				06D0C81E1946626300BE6566 /* AppDelegate.swift in Sources */,
			);
			runOnlyForDeploymentPostprocessing = 0;
		};
		06D0C82A1946626300BE6566 /* Sources */ = {
			isa = PBXSourcesBuildPhase;
			buildActionMask = 2147483647;
			files = (
				06D0C8351946626300BE6566 /* CopyOfFlappyBirdTests.swift in Sources */,
			);
			runOnlyForDeploymentPostprocessing = 0;
		};
/* End PBXSourcesBuildPhase section */

/* Begin PBXTargetDependency section */
		06D0C8301946626300BE6566 /* PBXTargetDependency */ = {
			isa = PBXTargetDependency;
			target = 06D0C8171946626300BE6566 /* CopyOfFlappyBird */;
			targetProxy = 06D0C82F1946626300BE6566 /* PBXContainerItemProxy */;
		};
/* End PBXTargetDependency section */

/* Begin PBXVariantGroup section */
		06D0C8251946626300BE6566 /* Main.storyboard */ = {
			isa = PBXVariantGroup;
			children = (
				06D0C8261946626300BE6566 /* Base */,
			);
			name = Main.storyboard;
			sourceTree = "<group>";
		};
/* End PBXVariantGroup section */

/* Begin XCBuildConfiguration section */
		06D0C8361946626300BE6566 /* Debug */ = {
			isa = XCBuildConfiguration;
			buildSettings = {
				ALWAYS_SEARCH_USER_PATHS = NO;
				CLANG_CXX_LANGUAGE_STANDARD = "gnu++0x";
				CLANG_CXX_LIBRARY = "libc++";
				CLANG_ENABLE_MODULES = YES;
				CLANG_ENABLE_OBJC_ARC = YES;
				CLANG_WARN_BOOL_CONVERSION = YES;
				CLANG_WARN_CONSTANT_CONVERSION = YES;
				CLANG_WARN_DIRECT_OBJC_ISA_USAGE = YES_ERROR;
				CLANG_WARN_EMPTY_BODY = YES;
				CLANG_WARN_ENUM_CONVERSION = YES;
				CLANG_WARN_INT_CONVERSION = YES;
				CLANG_WARN_OBJC_ROOT_CLASS = YES_ERROR;
				CLANG_WARN_UNREACHABLE_CODE = YES;
				CLANG_WARN__DUPLICATE_METHOD_MATCH = YES;
				"CODE_SIGN_IDENTITY[sdk=iphoneos*]" = "iPhone Developer";
				COPY_PHASE_STRIP = NO;
				ENABLE_STRICT_OBJC_MSGSEND = YES;
				GCC_C_LANGUAGE_STANDARD = gnu99;
				GCC_DYNAMIC_NO_PIC = NO;
				GCC_OPTIMIZATION_LEVEL = 0;
				GCC_PREPROCESSOR_DEFINITIONS = (
					"DEBUG=1",
					"$(inherited)",
				);
				GCC_SYMBOLS_PRIVATE_EXTERN = NO;
				GCC_WARN_64_TO_32_BIT_CONVERSION = YES;
				GCC_WARN_ABOUT_RETURN_TYPE = YES_ERROR;
				GCC_WARN_UNDECLARED_SELECTOR = YES;
				GCC_WARN_UNINITIALIZED_AUTOS = YES_AGGRESSIVE;
				GCC_WARN_UNUSED_FUNCTION = YES;
				GCC_WARN_UNUSED_VARIABLE = YES;
				IPHONEOS_DEPLOYMENT_TARGET = 8.0;
				METAL_ENABLE_DEBUG_INFO = YES;
				ONLY_ACTIVE_ARCH = YES;
				SDKROOT = iphoneos;
				SWIFT_OPTIMIZATION_LEVEL = "-Onone";
				TARGETED_DEVICE_FAMILY = "1,2";
			};
			name = Debug;
		};
		06D0C8371946626300BE6566 /* Release */ = {
			isa = XCBuildConfiguration;
			buildSettings = {
				ALWAYS_SEARCH_USER_PATHS = NO;
				CLANG_CXX_LANGUAGE_STANDARD = "gnu++0x";
				CLANG_CXX_LIBRARY = "libc++";
				CLANG_ENABLE_MODULES = YES;
				CLANG_ENABLE_OBJC_ARC = YES;
				CLANG_WARN_BOOL_CONVERSION = YES;
				CLANG_WARN_CONSTANT_CONVERSION = YES;
				CLANG_WARN_DIRECT_OBJC_ISA_USAGE = YES_ERROR;
				CLANG_WARN_EMPTY_BODY = YES;
				CLANG_WARN_ENUM_CONVERSION = YES;
				CLANG_WARN_INT_CONVERSION = YES;
				CLANG_WARN_OBJC_ROOT_CLASS = YES_ERROR;
				CLANG_WARN_UNREACHABLE_CODE = YES;
				CLANG_WARN__DUPLICATE_METHOD_MATCH = YES;
				"CODE_SIGN_IDENTITY[sdk=iphoneos*]" = "iPhone Developer";
				COPY_PHASE_STRIP = YES;
				ENABLE_NS_ASSERTIONS = NO;
				ENABLE_STRICT_OBJC_MSGSEND = YES;
				GCC_C_LANGUAGE_STANDARD = gnu99;
				GCC_WARN_64_TO_32_BIT_CONVERSION = YES;
				GCC_WARN_ABOUT_RETURN_TYPE = YES_ERROR;
				GCC_WARN_UNDECLARED_SELECTOR = YES;
				GCC_WARN_UNINITIALIZED_AUTOS = YES_AGGRESSIVE;
				GCC_WARN_UNUSED_FUNCTION = YES;
				GCC_WARN_UNUSED_VARIABLE = YES;
				IPHONEOS_DEPLOYMENT_TARGET = 8.0;
				METAL_ENABLE_DEBUG_INFO = NO;
				SDKROOT = iphoneos;
				TARGETED_DEVICE_FAMILY = "1,2";
				VALIDATE_PRODUCT = YES;
			};
			name = Release;
		};
		06D0C8391946626300BE6566 /* Debug */ = {
			isa = XCBuildConfiguration;
			buildSettings = {
				ASSETCATALOG_COMPILER_APPICON_NAME = AppIcon;
				ASSETCATALOG_COMPILER_LAUNCHIMAGE_NAME = LaunchImage;
				INFOPLIST_FILE = CopyOfFlappyBird/Info.plist;
				LD_RUNPATH_SEARCH_PATHS = "$(inherited) @executable_path/Frameworks";
				PRODUCT_NAME = "$(TARGET_NAME)";
			};
			name = Debug;
		};
		06D0C83A1946626300BE6566 /* Release */ = {
			isa = XCBuildConfiguration;
			buildSettings = {
				ASSETCATALOG_COMPILER_APPICON_NAME = AppIcon;
				ASSETCATALOG_COMPILER_LAUNCHIMAGE_NAME = LaunchImage;
				INFOPLIST_FILE = CopyOfFlappyBird/Info.plist;
				LD_RUNPATH_SEARCH_PATHS = "$(inherited) @executable_path/Frameworks";
				PRODUCT_NAME = "$(TARGET_NAME)";
			};
			name = Release;
		};
		06D0C83C1946626300BE6566 /* Debug */ = {
			isa = XCBuildConfiguration;
			buildSettings = {
				BUNDLE_LOADER = "$(BUILT_PRODUCTS_DIR)/CopyOfFlappyBird.app/CopyOfFlappyBird";
				FRAMEWORK_SEARCH_PATHS = (
					"$(SDKROOT)/Developer/Library/Frameworks",
					"$(inherited)",
				);
				GCC_PREPROCESSOR_DEFINITIONS = (
					"DEBUG=1",
					"$(inherited)",
				);
				INFOPLIST_FILE = CopyOfFlappyBirdTests/Info.plist;
				LD_RUNPATH_SEARCH_PATHS = "$(inherited) @executable_path/Frameworks @loader_path/Frameworks";
				METAL_ENABLE_DEBUG_INFO = YES;
				PRODUCT_NAME = "$(TARGET_NAME)";
				TEST_HOST = "$(BUNDLE_LOADER)";
			};
			name = Debug;
		};
		06D0C83D1946626300BE6566 /* Release */ = {
			isa = XCBuildConfiguration;
			buildSettings = {
				BUNDLE_LOADER = "$(BUILT_PRODUCTS_DIR)/CopyOfFlappyBird.app/CopyOfFlappyBird";
				FRAMEWORK_SEARCH_PATHS = (
					"$(SDKROOT)/Developer/Library/Frameworks",
					"$(inherited)",
				);
				INFOPLIST_FILE = CopyOfFlappyBirdTests/Info.plist;
				LD_RUNPATH_SEARCH_PATHS = "$(inherited) @executable_path/Frameworks @loader_path/Frameworks";
				METAL_ENABLE_DEBUG_INFO = NO;
				PRODUCT_NAME = "$(TARGET_NAME)";
				TEST_HOST = "$(BUNDLE_LOADER)";
			};
			name = Release;
		};
/* End XCBuildConfiguration section */

/* Begin XCConfigurationList section */
		06D0C8131946626300BE6566 /* Build configuration list for PBXProject "CopyOfFlappyBird" */ = {
			isa = XCConfigurationList;
			buildConfigurations = (
				06D0C8361946626300BE6566 /* Debug */,
				06D0C8371946626300BE6566 /* Release */,
			);
			defaultConfigurationIsVisible = 0;
			defaultConfigurationName = Release;
		};
		06D0C8381946626300BE6566 /* Build configuration list for PBXNativeTarget "CopyOfFlappyBird" */ = {
			isa = XCConfigurationList;
			buildConfigurations = (
				06D0C8391946626300BE6566 /* Debug */,
				06D0C83A1946626300BE6566 /* Release */,
			);
			defaultConfigurationIsVisible = 0;
		};
		06D0C83B1946626300BE6566 /* Build configuration list for PBXNativeTarget "CopyOfFlappyBirdTests" */ = {
			isa = XCConfigurationList;
			buildConfigurations = (
				06D0C83C1946626300BE6566 /* Debug */,
				06D0C83D1946626300BE6566 /* Release */,
			);
			defaultConfigurationIsVisible = 0;
		};
/* End XCConfigurationList section */
	};
	rootObject = 06D0C8101946626300BE6566 /* Project object */;
}
